
Microsoft Visual Studio Solution File, Format Version 12.00
# Visual Studio Version 16
VisualStudioVersion = 16.0.31005.135
MinimumVisualStudioVersion = 10.0.40219.1
Project("{FAE04EC0-301F-11D3-BF4B-00C04F79EFBC}") = "Code_KhoaLa", "Code_KhoaLa\Code_KhoaLa.csproj", "{F557FC94-226E-4697-A000-F6BA40A4A56C}"
EndProject
Global
	GlobalSection(SolutionConfigurationPlatforms) = preSolution
		Debug|Any CPU = Debug|Any CPU
		Release|Any CPU = Release|Any CPU
	EndGlobalSection
	GlobalSection(ProjectConfigurationPlatforms) = postSolution
		{F557FC94-226E-4697-A000-F6BA40A4A56C}.Debug|Any CPU.ActiveCfg = Debug|Any CPU
		{F557FC94-226E-4697-A000-F6BA40A4A56C}.Debug|Any CPU.Build.0 = Debug|Any CPU
		{F557FC94-226E-4697-A000-F6BA40A4A56C}.Release|Any CPU.ActiveCfg = Release|Any CPU
		{F557FC94-226E-4697-A000-F6BA40A4A56C}.Release|Any CPU.Build.0 = Release|Any CPU
	EndGlobalSection
	GlobalSection(SolutionProperties) = preSolution
		HideSolutionNode = FALSE
	EndGlobalSection
	GlobalSection(ExtensibilityGlobals) = postSolution
		SolutionGuid = {3D372699-07AA-4EA9-AF9E-8D21C829C7BE}
	EndGlobalSection
EndGlobal
